
Microsoft Visual Studio Solution File, Format Version 12.00
# Visual Studio Version 17
VisualStudioVersion = 17.4.33205.214
MinimumVisualStudioVersion = 10.0.40219.1
Project("{FAE04EC0-301F-11D3-BF4B-00C04F79EFBC}") = "HangmanGameConsoleApp", "HangmanGameConsoleApp\HangmanGameConsoleApp.csproj", "{05CE3546-E60B-4A53-9903-A8C72EC59241}"
EndProject
Global
	GlobalSection(SolutionConfigurationPlatforms) = preSolution
		Debug|Any CPU = Debug|Any CPU
		Release|Any CPU = Release|Any CPU
	EndGlobalSection
	GlobalSection(ProjectConfigurationPlatforms) = postSolution
		{05CE3546-E60B-4A53-9903-A8C72EC59241}.Debug|Any CPU.ActiveCfg = Debug|Any CPU
		{05CE3546-E60B-4A53-9903-A8C72EC59241}.Debug|Any CPU.Build.0 = Debug|Any CPU
		{05CE3546-E60B-4A53-9903-A8C72EC59241}.Release|Any CPU.ActiveCfg = Release|Any CPU
		{05CE3546-E60B-4A53-9903-A8C72EC59241}.Release|Any CPU.Build.0 = Release|Any CPU
	EndGlobalSection
	GlobalSection(SolutionProperties) = preSolution
		HideSolutionNode = FALSE
	EndGlobalSection
	GlobalSection(ExtensibilityGlobals) = postSolution
		SolutionGuid = {FB594F6E-ED9C-44B0-AAB9-39389BC2F62F}
	EndGlobalSection
EndGlobal
